{
  "version": 4,
  "terraform_version": "0.15.3",
  "serial": 6,
  "lineage": "23943c9c-6d47-6c77-3186-0f96121517b5",
  "outputs": {},
  "resources": [
    {
      "mode": "managed",
      "type": "azurerm_container_group",
      "name": "tfcg_test",
      "provider": "provider[\"registry.terraform.io/hashicorp/azurerm\"]",
      "instances": [
        {
          "schema_version": 0,
          "attributes": {
            "container": [
              {
                "commands": [],
                "cpu": 1,
                "environment_variables": null,
                "gpu": [],
                "image": "aglaude69/weatherapi:latest",
                "liveness_probe": [],
                "memory": 1,
                "name": "weatherapi",
                "ports": [
                  {
                    "port": 80,
                    "protocol": "TCP"
                  }
                ],
                "readiness_probe": [],
                "secure_environment_variables": null,
                "volume": []
              }
            ],
            "diagnostics": [],
            "dns_name_label": "aglaude69wa",
            "fqdn": "aglaude69wa.canadacentral.azurecontainer.io",
            "id": "/subscriptions/0c351e9f-b3a1-4b34-82e6-58a763c22cb9/resourceGroups/tfmainrg/providers/Microsoft.ContainerInstance/containerGroups/weatherapi",
            "identity": [],
            "image_registry_credential": [],
            "ip_address": "20.151.25.219",
            "ip_address_type": "Public",
            "location": "canadacentral",
            "name": "weatherapi",
            "network_profile_id": null,
            "os_type": "Linux",
            "resource_group_name": "tfmainrg",
            "restart_policy": "Always",
            "tags": null,
            "timeouts": null
          },
          "sensitive_attributes": [],
          "private": "eyJlMmJmYjczMC1lY2FhLTExZTYtOGY4OC0zNDM2M2JjN2M0YzAiOnsiY3JlYXRlIjoxODAwMDAwMDAwMDAwLCJkZWxldGUiOjE4MDAwMDAwMDAwMDAsInJlYWQiOjMwMDAwMDAwMDAwMCwidXBkYXRlIjoxODAwMDAwMDAwMDAwfX0=",
          "dependencies": [
            "azurerm_resource_group.tf_test"
          ]
        }
      ]
    },
    {
      "mode": "managed",
      "type": "azurerm_resource_group",
      "name": "tf_test",
      "provider": "provider[\"registry.terraform.io/hashicorp/azurerm\"]",
      "instances": [
        {
          "schema_version": 0,
          "attributes": {
            "id": "/subscriptions/0c351e9f-b3a1-4b34-82e6-58a763c22cb9/resourceGroups/tfmainrg",
            "location": "canadacentral",
            "name": "tfmainrg",
            "tags": {},
            "timeouts": null
          },
          "sensitive_attributes": [],
          "private": "eyJlMmJmYjczMC1lY2FhLTExZTYtOGY4OC0zNDM2M2JjN2M0YzAiOnsiY3JlYXRlIjo1NDAwMDAwMDAwMDAwLCJkZWxldGUiOjU0MDAwMDAwMDAwMDAsInJlYWQiOjMwMDAwMDAwMDAwMCwidXBkYXRlIjo1NDAwMDAwMDAwMDAwfX0="
        }
      ]
    }
  ]
}
